
Microsoft Visual Studio Solution File, Format Version 12.00
# Visual Studio Version 17
VisualStudioVersion = 17.9.34723.18
MinimumVisualStudioVersion = 10.0.40219.1
Project("{FAE04EC0-301F-11D3-BF4B-00C04F79EFBC}") = "assign1-3", "assign1-3\assign1-3.csproj", "{AE38BDA0-964C-4F93-9E2B-BDF73BC17749}"
EndProject
Global
	GlobalSection(SolutionConfigurationPlatforms) = preSolution
		Debug|Any CPU = Debug|Any CPU
		Release|Any CPU = Release|Any CPU
	EndGlobalSection
	GlobalSection(ProjectConfigurationPlatforms) = postSolution
		{AE38BDA0-964C-4F93-9E2B-BDF73BC17749}.Debug|Any CPU.ActiveCfg = Debug|Any CPU
		{AE38BDA0-964C-4F93-9E2B-BDF73BC17749}.Debug|Any CPU.Build.0 = Debug|Any CPU
		{AE38BDA0-964C-4F93-9E2B-BDF73BC17749}.Release|Any CPU.ActiveCfg = Release|Any CPU
		{AE38BDA0-964C-4F93-9E2B-BDF73BC17749}.Release|Any CPU.Build.0 = Release|Any CPU
	EndGlobalSection
	GlobalSection(SolutionProperties) = preSolution
		HideSolutionNode = FALSE
	EndGlobalSection
	GlobalSection(ExtensibilityGlobals) = postSolution
		SolutionGuid = {0CA22ED5-72E6-4ECA-8832-8DC672823589}
	EndGlobalSection
EndGlobal
